
Microsoft Visual Studio Solution File, Format Version 12.00
# Visual Studio Version 17
VisualStudioVersion = 17.9.34723.18
MinimumVisualStudioVersion = 10.0.40219.1
Project("{9A19103F-16F7-4668-BE54-9A1E7A4F7556}") = "candidatetest", "candidatetest.csproj", "{1A20ECC6-72F5-4A95-BD42-EF856EAD8F83}"
EndProject
Global
	GlobalSection(SolutionConfigurationPlatforms) = preSolution
		Debug|Any CPU = Debug|Any CPU
		Release|Any CPU = Release|Any CPU
	EndGlobalSection
	GlobalSection(ProjectConfigurationPlatforms) = postSolution
		{1A20ECC6-72F5-4A95-BD42-EF856EAD8F83}.Debug|Any CPU.ActiveCfg = Debug|Any CPU
		{1A20ECC6-72F5-4A95-BD42-EF856EAD8F83}.Debug|Any CPU.Build.0 = Debug|Any CPU
		{1A20ECC6-72F5-4A95-BD42-EF856EAD8F83}.Release|Any CPU.ActiveCfg = Release|Any CPU
		{1A20ECC6-72F5-4A95-BD42-EF856EAD8F83}.Release|Any CPU.Build.0 = Release|Any CPU
	EndGlobalSection
	GlobalSection(SolutionProperties) = preSolution
		HideSolutionNode = FALSE
	EndGlobalSection
	GlobalSection(ExtensibilityGlobals) = postSolution
		SolutionGuid = {19B63AD4-5E61-4263-9C9E-A9EC1351CBD7}
	EndGlobalSection
EndGlobal
